# This file is autogenerated, do not edit; changes may be undone by the next 'dep ensure'.


[[projects]]
  branch = "master"
  digest = "1:3ca76b3b27750a2209902e3a37894a541f40661c0de1c435d942e8959916c10a"
  name = "github.com/architsmat38/golang-aws-sqs"
  packages = [
    "poller",
    "sqs",
  ]
  pruneopts = "UT"
  revision = "f1594a2ad8e712d9d6e3d55ff4116b63108f22e9"

[[projects]]
  digest = "1:1ae49cfc88633a0eba713b75c445a6312465e5e5b82fce77e55bb222eccf8227"
  name = "github.com/aws/aws-sdk-go"
  packages = [
    "aws",
    "aws/awserr",
    "aws/awsutil",
    "aws/client",
    "aws/client/metadata",
    "aws/corehandlers",
    "aws/credentials",
    "aws/credentials/ec2rolecreds",
    "aws/credentials/endpointcreds",
    "aws/credentials/processcreds",
    "aws/credentials/stscreds",
    "aws/csm",
    "aws/defaults",
    "aws/ec2metadata",
    "aws/endpoints",
    "aws/request",
    "aws/session",
    "aws/signer/v4",
    "internal/ini",
    "internal/sdkio",
    "internal/sdkrand",
    "internal/sdkuri",
    "internal/shareddefaults",
    "private/protocol",
    "private/protocol/query",
    "private/protocol/query/queryutil",
    "private/protocol/rest",
    "private/protocol/xml/xmlutil",
    "service/sqs",
    "service/sts",
  ]
  pruneopts = "UT"
  revision = "56c1def75689cceec1fa6f14c2eedb4b798827f9"
  version = "v1.19.11"

[[projects]]
  digest = "1:bb81097a5b62634f3e9fec1014657855610c82d19b9a40c17612e32651e35dca"
  name = "github.com/jmespath/go-jmespath"
  packages = ["."]
  pruneopts = "UT"
  revision = "c2b33e84"

[[projects]]
  digest = "1:28e948c6f496312ef516f570737a7f4a6933ec581243cf59b1a3b824a6e7e619"
  name = "github.com/openfaas-incubator/connector-sdk"
  packages = ["types"]
  pruneopts = "UT"
  revision = "9b328b9d15fef1b0bac6b86460afa087ef34909e"
  version = "0.4.0"

[[projects]]
  digest = "1:3f69624cb4ae8ab815a672f7d169d64786ee027a9d42eefab3c9d4e9debe0750"
  name = "github.com/openfaas/faas"
  packages = ["gateway/requests"]
  pruneopts = "UT"
  revision = "a65df4795bc66147c41161c48bfd4c72f60c7434"
  version = "0.9.14"

[[projects]]
  digest = "1:deb76da5396c9f641ddea9ca79e31a14bdb09c787cdfda90488768b7539b1fd6"
  name = "github.com/openfaas/faas-provider"
  packages = ["auth"]
  pruneopts = "UT"
  revision = "220324e98f5db5aa61f02d1ab13f03e91310796c"
  version = "0.8.1"

[[projects]]
  digest = "1:cf31692c14422fa27c83a05292eb5cbe0fb2775972e8f1f8446a71549bd8980b"
  name = "github.com/pkg/errors"
  packages = ["."]
  pruneopts = "UT"
  revision = "ba968bfe8b2f7e042a574c888954fccecfa385b4"
  version = "v0.8.1"

[solve-meta]
  analyzer-name = "dep"
  analyzer-version = 1
  input-imports = [
    "github.com/architsmat38/golang-aws-sqs/poller",
    "github.com/architsmat38/golang-aws-sqs/sqs",
    "github.com/aws/aws-sdk-go/aws",
    "github.com/aws/aws-sdk-go/service/sqs",
    "github.com/openfaas-incubator/connector-sdk/types",
  ]
  solver-name = "gps-cdcl"
  solver-version = 1
